
Microsoft Visual Studio Solution File, Format Version 12.00
# Visual Studio Version 16
VisualStudioVersion = 16.0.29001.49
MinimumVisualStudioVersion = 10.0.40219.1
Project("{9A19103F-16F7-4668-BE54-9A1E7A4F7556}") = "BaseLib", "src\BaseLib\BaseLib.csproj", "{7224EE48-3B65-4327-A69C-5B58F12A064F}"
EndProject
Project("{FAE04EC0-301F-11D3-BF4B-00C04F79EFBC}") = "CatLib", "src\CatLib\CatLib.csproj", "{2835629B-AAAD-4369-8620-4C5166965630}"
EndProject
Global
	GlobalSection(SolutionConfigurationPlatforms) = preSolution
		Debug|Any CPU = Debug|Any CPU
		Release|Any CPU = Release|Any CPU
	EndGlobalSection
	GlobalSection(ProjectConfigurationPlatforms) = postSolution
		{7224EE48-3B65-4327-A69C-5B58F12A064F}.Debug|Any CPU.ActiveCfg = Debug|Any CPU
		{7224EE48-3B65-4327-A69C-5B58F12A064F}.Debug|Any CPU.Build.0 = Debug|Any CPU
		{7224EE48-3B65-4327-A69C-5B58F12A064F}.Release|Any CPU.ActiveCfg = Release|Any CPU
		{7224EE48-3B65-4327-A69C-5B58F12A064F}.Release|Any CPU.Build.0 = Release|Any CPU
		{2835629B-AAAD-4369-8620-4C5166965630}.Debug|Any CPU.ActiveCfg = Debug|Any CPU
		{2835629B-AAAD-4369-8620-4C5166965630}.Debug|Any CPU.Build.0 = Debug|Any CPU
		{2835629B-AAAD-4369-8620-4C5166965630}.Release|Any CPU.ActiveCfg = Release|Any CPU
		{2835629B-AAAD-4369-8620-4C5166965630}.Release|Any CPU.Build.0 = Release|Any CPU
	EndGlobalSection
	GlobalSection(SolutionProperties) = preSolution
		HideSolutionNode = FALSE
	EndGlobalSection
	GlobalSection(ExtensibilityGlobals) = postSolution
		SolutionGuid = {AF1F9345-C92F-4436-B212-EEC7028CE06B}
	EndGlobalSection
EndGlobal
